
Microsoft Visual Studio Solution File, Format Version 12.00
# Visual Studio Version 18
VisualStudioVersion = 18.2.11415.280
MinimumVisualStudioVersion = 10.0.40219.1
Project("{FAE04EC0-301F-11D3-BF4B-00C04F79EFBC}") = "Abstracciones", "Abstracciones\Abstracciones.csproj", "{C862DC1C-04C8-48E4-A167-8799E3E184C8}"
EndProject
Project("{FAE04EC0-301F-11D3-BF4B-00C04F79EFBC}") = "DA", "DA\DA.csproj", "{0A28C418-4133-4E43-8433-7C05B124663D}"
EndProject
Project("{FAE04EC0-301F-11D3-BF4B-00C04F79EFBC}") = "Flujo", "Flujo\Flujo.csproj", "{B3EF5D16-6DB2-4B31-93FF-2783B3FC27BA}"
EndProject
Project("{FAE04EC0-301F-11D3-BF4B-00C04F79EFBC}") = "API", "API\API.csproj", "{F70F2449-EB1B-4BCD-8930-3C9761930F86}"
EndProject
Project("{00D1A9C2-B5F0-4AF3-8072-F6C62B433612}") = "BD", "BD\BD.sqlproj", "{0B421165-5485-49CB-B975-548D26048602}"
EndProject
Project("{FAE04EC0-301F-11D3-BF4B-00C04F79EFBC}") = "Servicios", "Servicios\Servicios.csproj", "{A4CDBB21-3029-4E49-9048-514EC85C1919}"
EndProject
Project("{FAE04EC0-301F-11D3-BF4B-00C04F79EFBC}") = "Reglas", "Reglas\Reglas.csproj", "{006AAD1E-26A4-4BCE-8521-DBFE034C5652}"
EndProject
Global
	GlobalSection(SolutionConfigurationPlatforms) = preSolution
		Debug|Any CPU = Debug|Any CPU
		Release|Any CPU = Release|Any CPU
	EndGlobalSection
	GlobalSection(ProjectConfigurationPlatforms) = postSolution
		{C862DC1C-04C8-48E4-A167-8799E3E184C8}.Debug|Any CPU.ActiveCfg = Debug|Any CPU
		{C862DC1C-04C8-48E4-A167-8799E3E184C8}.Debug|Any CPU.Build.0 = Debug|Any CPU
		{C862DC1C-04C8-48E4-A167-8799E3E184C8}.Release|Any CPU.ActiveCfg = Release|Any CPU
		{C862DC1C-04C8-48E4-A167-8799E3E184C8}.Release|Any CPU.Build.0 = Release|Any CPU
		{0A28C418-4133-4E43-8433-7C05B124663D}.Debug|Any CPU.ActiveCfg = Debug|Any CPU
		{0A28C418-4133-4E43-8433-7C05B124663D}.Debug|Any CPU.Build.0 = Debug|Any CPU
		{0A28C418-4133-4E43-8433-7C05B124663D}.Release|Any CPU.ActiveCfg = Release|Any CPU
		{0A28C418-4133-4E43-8433-7C05B124663D}.Release|Any CPU.Build.0 = Release|Any CPU
		{B3EF5D16-6DB2-4B31-93FF-2783B3FC27BA}.Debug|Any CPU.ActiveCfg = Debug|Any CPU
		{B3EF5D16-6DB2-4B31-93FF-2783B3FC27BA}.Debug|Any CPU.Build.0 = Debug|Any CPU
		{B3EF5D16-6DB2-4B31-93FF-2783B3FC27BA}.Release|Any CPU.ActiveCfg = Release|Any CPU
		{B3EF5D16-6DB2-4B31-93FF-2783B3FC27BA}.Release|Any CPU.Build.0 = Release|Any CPU
		{F70F2449-EB1B-4BCD-8930-3C9761930F86}.Debug|Any CPU.ActiveCfg = Debug|Any CPU
		{F70F2449-EB1B-4BCD-8930-3C9761930F86}.Debug|Any CPU.Build.0 = Debug|Any CPU
		{F70F2449-EB1B-4BCD-8930-3C9761930F86}.Release|Any CPU.ActiveCfg = Release|Any CPU
		{F70F2449-EB1B-4BCD-8930-3C9761930F86}.Release|Any CPU.Build.0 = Release|Any CPU
		{0B421165-5485-49CB-B975-548D26048602}.Debug|Any CPU.ActiveCfg = Debug|Any CPU
		{0B421165-5485-49CB-B975-548D26048602}.Debug|Any CPU.Build.0 = Debug|Any CPU
		{0B421165-5485-49CB-B975-548D26048602}.Debug|Any CPU.Deploy.0 = Debug|Any CPU
		{0B421165-5485-49CB-B975-548D26048602}.Release|Any CPU.ActiveCfg = Release|Any CPU
		{0B421165-5485-49CB-B975-548D26048602}.Release|Any CPU.Build.0 = Release|Any CPU
		{0B421165-5485-49CB-B975-548D26048602}.Release|Any CPU.Deploy.0 = Release|Any CPU
		{A4CDBB21-3029-4E49-9048-514EC85C1919}.Debug|Any CPU.ActiveCfg = Debug|Any CPU
		{A4CDBB21-3029-4E49-9048-514EC85C1919}.Debug|Any CPU.Build.0 = Debug|Any CPU
		{A4CDBB21-3029-4E49-9048-514EC85C1919}.Release|Any CPU.ActiveCfg = Release|Any CPU
		{A4CDBB21-3029-4E49-9048-514EC85C1919}.Release|Any CPU.Build.0 = Release|Any CPU
		{006AAD1E-26A4-4BCE-8521-DBFE034C5652}.Debug|Any CPU.ActiveCfg = Debug|Any CPU
		{006AAD1E-26A4-4BCE-8521-DBFE034C5652}.Debug|Any CPU.Build.0 = Debug|Any CPU
		{006AAD1E-26A4-4BCE-8521-DBFE034C5652}.Release|Any CPU.ActiveCfg = Release|Any CPU
		{006AAD1E-26A4-4BCE-8521-DBFE034C5652}.Release|Any CPU.Build.0 = Release|Any CPU
	EndGlobalSection
	GlobalSection(SolutionProperties) = preSolution
		HideSolutionNode = FALSE
	EndGlobalSection
	GlobalSection(ExtensibilityGlobals) = postSolution
		SolutionGuid = {D601F730-CDAB-474D-9683-B56A69C33F33}
	EndGlobalSection
EndGlobal
